
Microsoft Visual Studio Solution File, Format Version 12.00
# Visual Studio 15
VisualStudioVersion = 15.0.26124.0
MinimumVisualStudioVersion = 15.0.26124.0
Project("{2150E333-8FDC-42A3-9474-1A3956D46DE8}") = "src", "src", "{62B5296F-C1C0-42EF-9917-003F85AC0621}"
EndProject
Project("{FAE04EC0-301F-11D3-BF4B-00C04F79EFBC}") = "Itinero.Intermodal", "src\Itinero.Intermodal\Itinero.Intermodal.csproj", "{06FC2473-1ADB-4FDC-AE37-0FC7F8842C02}"
EndProject
Project("{2150E333-8FDC-42A3-9474-1A3956D46DE8}") = "test", "test", "{B6DB768C-3F49-47CF-A2B0-772C67595FAF}"
EndProject
Project("{FAE04EC0-301F-11D3-BF4B-00C04F79EFBC}") = "Itinero.Intermodal.Test.Functional", "test\Itinero.Intermodal.Test.Functional\Itinero.Intermodal.Test.Functional.csproj", "{33EEA91B-DF54-4B82-9CC3-05E61429E7A5}"
EndProject
Project("{2150E333-8FDC-42A3-9474-1A3956D46DE8}") = "root", "root", "{20811728-03FA-41FF-9258-B195C2E416E9}"
ProjectSection(SolutionItems) = preProject
	Itinero.Intermodal.sln = Itinero.Intermodal.sln
	README.md = README.md
EndProjectSection
EndProject
Global
	GlobalSection(SolutionConfigurationPlatforms) = preSolution
		Debug|Any CPU = Debug|Any CPU
		Debug|x64 = Debug|x64
		Debug|x86 = Debug|x86
		Release|Any CPU = Release|Any CPU
		Release|x64 = Release|x64
		Release|x86 = Release|x86
	EndGlobalSection
	GlobalSection(SolutionProperties) = preSolution
		HideSolutionNode = FALSE
	EndGlobalSection
	GlobalSection(ProjectConfigurationPlatforms) = postSolution
		{06FC2473-1ADB-4FDC-AE37-0FC7F8842C02}.Debug|Any CPU.ActiveCfg = Debug|Any CPU
		{06FC2473-1ADB-4FDC-AE37-0FC7F8842C02}.Debug|Any CPU.Build.0 = Debug|Any CPU
		{06FC2473-1ADB-4FDC-AE37-0FC7F8842C02}.Debug|x64.ActiveCfg = Debug|Any CPU
		{06FC2473-1ADB-4FDC-AE37-0FC7F8842C02}.Debug|x64.Build.0 = Debug|Any CPU
		{06FC2473-1ADB-4FDC-AE37-0FC7F8842C02}.Debug|x86.ActiveCfg = Debug|Any CPU
		{06FC2473-1ADB-4FDC-AE37-0FC7F8842C02}.Debug|x86.Build.0 = Debug|Any CPU
		{06FC2473-1ADB-4FDC-AE37-0FC7F8842C02}.Release|Any CPU.ActiveCfg = Release|Any CPU
		{06FC2473-1ADB-4FDC-AE37-0FC7F8842C02}.Release|Any CPU.Build.0 = Release|Any CPU
		{06FC2473-1ADB-4FDC-AE37-0FC7F8842C02}.Release|x64.ActiveCfg = Release|Any CPU
		{06FC2473-1ADB-4FDC-AE37-0FC7F8842C02}.Release|x64.Build.0 = Release|Any CPU
		{06FC2473-1ADB-4FDC-AE37-0FC7F8842C02}.Release|x86.ActiveCfg = Release|Any CPU
		{06FC2473-1ADB-4FDC-AE37-0FC7F8842C02}.Release|x86.Build.0 = Release|Any CPU
		{33EEA91B-DF54-4B82-9CC3-05E61429E7A5}.Debug|Any CPU.ActiveCfg = Debug|Any CPU
		{33EEA91B-DF54-4B82-9CC3-05E61429E7A5}.Debug|Any CPU.Build.0 = Debug|Any CPU
		{33EEA91B-DF54-4B82-9CC3-05E61429E7A5}.Debug|x64.ActiveCfg = Debug|Any CPU
		{33EEA91B-DF54-4B82-9CC3-05E61429E7A5}.Debug|x64.Build.0 = Debug|Any CPU
		{33EEA91B-DF54-4B82-9CC3-05E61429E7A5}.Debug|x86.ActiveCfg = Debug|Any CPU
		{33EEA91B-DF54-4B82-9CC3-05E61429E7A5}.Debug|x86.Build.0 = Debug|Any CPU
		{33EEA91B-DF54-4B82-9CC3-05E61429E7A5}.Release|Any CPU.ActiveCfg = Release|Any CPU
		{33EEA91B-DF54-4B82-9CC3-05E61429E7A5}.Release|Any CPU.Build.0 = Release|Any CPU
		{33EEA91B-DF54-4B82-9CC3-05E61429E7A5}.Release|x64.ActiveCfg = Release|Any CPU
		{33EEA91B-DF54-4B82-9CC3-05E61429E7A5}.Release|x64.Build.0 = Release|Any CPU
		{33EEA91B-DF54-4B82-9CC3-05E61429E7A5}.Release|x86.ActiveCfg = Release|Any CPU
		{33EEA91B-DF54-4B82-9CC3-05E61429E7A5}.Release|x86.Build.0 = Release|Any CPU
	EndGlobalSection
	GlobalSection(NestedProjects) = preSolution
		{06FC2473-1ADB-4FDC-AE37-0FC7F8842C02} = {62B5296F-C1C0-42EF-9917-003F85AC0621}
		{33EEA91B-DF54-4B82-9CC3-05E61429E7A5} = {B6DB768C-3F49-47CF-A2B0-772C67595FAF}
	EndGlobalSection
EndGlobal
